// !$*UTF8*$!
{
	archiveVersion = 1;
	classes = {
	};
	objectVersion = 56;
	objects = {

/* Begin PBXBuildFile section */
		570E01B02B1828B300D1E012 /* BupCell.swift in Sources */ = {isa = PBXBuildFile; fileRef = 570E01AF2B1828B300D1E012 /* BupCell.swift */; };
		570E01B22B1828C500D1E012 /* BupHeader.swift in Sources */ = {isa = PBXBuildFile; fileRef = 570E01B12B1828C500D1E012 /* BupHeader.swift */; };
		570E01B42B1828FE00D1E012 /* BaseCollectionReusableView.swift in Sources */ = {isa = PBXBuildFile; fileRef = 570E01B32B1828FE00D1E012 /* BaseCollectionReusableView.swift */; };
		57625DF02B18C7000066642F /* TodoInfo.swift in Sources */ = {isa = PBXBuildFile; fileRef = 57625DEF2B18C7000066642F /* TodoInfo.swift */; };
		57625DF22B18C70E0066642F /* Todo.swift in Sources */ = {isa = PBXBuildFile; fileRef = 57625DF12B18C70E0066642F /* Todo.swift */; };
		576920FB2B1E51A800B8CE80 /* PostCreateRequest.swift in Sources */ = {isa = PBXBuildFile; fileRef = 576920FA2B1E51A800B8CE80 /* PostCreateRequest.swift */; };
		576920FD2B1E5C5600B8CE80 /* PostReadResponseDTO.swift in Sources */ = {isa = PBXBuildFile; fileRef = 576920FC2B1E5C5600B8CE80 /* PostReadResponseDTO.swift */; };
		576920FF2B1EA45C00B8CE80 /* BupContent.swift in Sources */ = {isa = PBXBuildFile; fileRef = 576920FE2B1EA45C00B8CE80 /* BupContent.swift */; };
		576921012B1EA4F200B8CE80 /* BupBottom.swift in Sources */ = {isa = PBXBuildFile; fileRef = 576921002B1EA4F200B8CE80 /* BupBottom.swift */; };
		576921032B1EA4FE00B8CE80 /* BupTop.swift in Sources */ = {isa = PBXBuildFile; fileRef = 576921022B1EA4FE00B8CE80 /* BupTop.swift */; };
		576921052B1EA52500B8CE80 /* BupContainer.swift in Sources */ = {isa = PBXBuildFile; fileRef = 576921042B1EA52500B8CE80 /* BupContainer.swift */; };
		579B36302B0B790B008ACCAE /* Color.swift in Sources */ = {isa = PBXBuildFile; fileRef = 579B362F2B0B790B008ACCAE /* Color.swift */; };
		579B36322B0B7C3B008ACCAE /* Router.swift in Sources */ = {isa = PBXBuildFile; fileRef = 579B36312B0B7C3B008ACCAE /* Router.swift */; };
		57BDFAF02B15B02E006CAE1F /* PasswordSuccess.swift in Sources */ = {isa = PBXBuildFile; fileRef = 57BDFAEF2B15B02E006CAE1F /* PasswordSuccess.swift */; };
		57BDFAF22B15B043006CAE1F /* PasswordError.swift in Sources */ = {isa = PBXBuildFile; fileRef = 57BDFAF12B15B043006CAE1F /* PasswordError.swift */; };
		57BDFAF42B15B055006CAE1F /* ReconfrimSuccess.swift in Sources */ = {isa = PBXBuildFile; fileRef = 57BDFAF32B15B055006CAE1F /* ReconfrimSuccess.swift */; };
		57BDFAF62B15B063006CAE1F /* ReconfrimError.swift in Sources */ = {isa = PBXBuildFile; fileRef = 57BDFAF52B15B063006CAE1F /* ReconfrimError.swift */; };
		57D5FA2B2B1328BD00A76420 /* NicknameError.swift in Sources */ = {isa = PBXBuildFile; fileRef = 57D5FA2A2B1328BD00A76420 /* NicknameError.swift */; };
		57D5FA2D2B1328D300A76420 /* PhoneNumError.swift in Sources */ = {isa = PBXBuildFile; fileRef = 57D5FA2C2B1328D300A76420 /* PhoneNumError.swift */; };
		57D5FA2F2B1328E400A76420 /* BirthDayError.swift in Sources */ = {isa = PBXBuildFile; fileRef = 57D5FA2E2B1328E400A76420 /* BirthDayError.swift */; };
		57D5FA312B1337A600A76420 /* BaseTabmanViewController.swift in Sources */ = {isa = PBXBuildFile; fileRef = 57D5FA302B1337A600A76420 /* BaseTabmanViewController.swift */; };
		57D5FA332B133D9700A76420 /* ErrorLabel.swift in Sources */ = {isa = PBXBuildFile; fileRef = 57D5FA322B133D9600A76420 /* ErrorLabel.swift */; };
		57D5FA362B133E5200A76420 /* InfoInputDescriptionLabel.swift in Sources */ = {isa = PBXBuildFile; fileRef = 57D5FA352B133E5200A76420 /* InfoInputDescriptionLabel.swift */; };
		57D5FA382B133EA200A76420 /* InfoInputTextField.swift in Sources */ = {isa = PBXBuildFile; fileRef = 57D5FA372B133EA200A76420 /* InfoInputTextField.swift */; };
		57D5FA3A2B133EBA00A76420 /* BaseTextField.swift in Sources */ = {isa = PBXBuildFile; fileRef = 57D5FA392B133EBA00A76420 /* BaseTextField.swift */; };
		57D5FA3C2B133F2400A76420 /* InfoInputTitleLabel.swift in Sources */ = {isa = PBXBuildFile; fileRef = 57D5FA3B2B133F2400A76420 /* InfoInputTitleLabel.swift */; };
		57D5FA3E2B1340A000A76420 /* InfoInputButton.swift in Sources */ = {isa = PBXBuildFile; fileRef = 57D5FA3D2B1340A000A76420 /* InfoInputButton.swift */; };
		57D5FA412B1376C500A76420 /* EmailError.swift in Sources */ = {isa = PBXBuildFile; fileRef = 57D5FA402B1376C500A76420 /* EmailError.swift */; };
		57D5FA432B1376DD00A76420 /* EmailSuccess.swift in Sources */ = {isa = PBXBuildFile; fileRef = 57D5FA422B1376DD00A76420 /* EmailSuccess.swift */; };
		57DC504E2B0E208B00B1F293 /* LoginResponse.swift in Sources */ = {isa = PBXBuildFile; fileRef = 57DC504D2B0E208B00B1F293 /* LoginResponse.swift */; };
		57DC50502B0E213F00B1F293 /* LoginError.swift in Sources */ = {isa = PBXBuildFile; fileRef = 57DC504F2B0E213F00B1F293 /* LoginError.swift */; };
		57DC505F2B0E357B00B1F293 /* EmailViewController.swift in Sources */ = {isa = PBXBuildFile; fileRef = 57DC505E2B0E357B00B1F293 /* EmailViewController.swift */; };
		57DC50612B0E359A00B1F293 /* EmailMainView.swift in Sources */ = {isa = PBXBuildFile; fileRef = 57DC50602B0E359A00B1F293 /* EmailMainView.swift */; };
		57DC50652B0E35BC00B1F293 /* EmailViewModel.swift in Sources */ = {isa = PBXBuildFile; fileRef = 57DC50642B0E35BC00B1F293 /* EmailViewModel.swift */; };
		57DC50882B0EEDF600B1F293 /* EmailValidationResponseDTO.swift in Sources */ = {isa = PBXBuildFile; fileRef = 57DC50872B0EEDF600B1F293 /* EmailValidationResponseDTO.swift */; };
		57DC509B2B0F393F00B1F293 /* PasswordMainView.swift in Sources */ = {isa = PBXBuildFile; fileRef = 57DC509A2B0F393E00B1F293 /* PasswordMainView.swift */; };
		57DC509D2B0F3B1200B1F293 /* PasswordViewController.swift in Sources */ = {isa = PBXBuildFile; fileRef = 57DC509C2B0F3B1200B1F293 /* PasswordViewController.swift */; };
		57DC509F2B0F3B2C00B1F293 /* PasswordViewModel.swift in Sources */ = {isa = PBXBuildFile; fileRef = 57DC509E2B0F3B2C00B1F293 /* PasswordViewModel.swift */; };
		57DC50A72B0F654600B1F293 /* UserDetailMainView.swift in Sources */ = {isa = PBXBuildFile; fileRef = 57DC50A62B0F654600B1F293 /* UserDetailMainView.swift */; };
		57DC50A92B0F655100B1F293 /* UserDetailViewController.swift in Sources */ = {isa = PBXBuildFile; fileRef = 57DC50A82B0F655100B1F293 /* UserDetailViewController.swift */; };
		57DC50AB2B0F657900B1F293 /* UserDetailViewModel.swift in Sources */ = {isa = PBXBuildFile; fileRef = 57DC50AA2B0F657900B1F293 /* UserDetailViewModel.swift */; };
		57DC50AD2B0F665200B1F293 /* InfoInputView.swift in Sources */ = {isa = PBXBuildFile; fileRef = 57DC50AC2B0F665200B1F293 /* InfoInputView.swift */; };
		57DC50BF2B119CD400B1F293 /* Tabman in Frameworks */ = {isa = PBXBuildFile; productRef = 57DC50BE2B119CD400B1F293 /* Tabman */; };
		57DC50C12B119CF400B1F293 /* JoinTabViewController.swift in Sources */ = {isa = PBXBuildFile; fileRef = 57DC50C02B119CF400B1F293 /* JoinTabViewController.swift */; };
		57DC50C42B11A26C00B1F293 /* IQKeyboardManagerSwift in Frameworks */ = {isa = PBXBuildFile; productRef = 57DC50C32B11A26C00B1F293 /* IQKeyboardManagerSwift */; };
		57DC50C62B12292300B1F293 /* JoinViewModel.swift in Sources */ = {isa = PBXBuildFile; fileRef = 57DC50C52B12292300B1F293 /* JoinViewModel.swift */; };
		57E13A172B0CCEFE0048B27C /* NetworkManager.swift in Sources */ = {isa = PBXBuildFile; fileRef = 57E13A162B0CCEFE0048B27C /* NetworkManager.swift */; };
		57E5979A2B1F0DCA00C5251C /* ProfileImageView.swift in Sources */ = {isa = PBXBuildFile; fileRef = 57E597992B1F0DCA00C5251C /* ProfileImageView.swift */; };
		57E5979E2B1F0F0500C5251C /* NicknameLabel.swift in Sources */ = {isa = PBXBuildFile; fileRef = 57E5979D2B1F0F0500C5251C /* NicknameLabel.swift */; };
		57E597A02B1F0F1B00C5251C /* BupTitleLabel.swift in Sources */ = {isa = PBXBuildFile; fileRef = 57E5979F2B1F0F1B00C5251C /* BupTitleLabel.swift */; };
		57E597A22B1F21A400C5251C /* BupContentLabel.swift in Sources */ = {isa = PBXBuildFile; fileRef = 57E597A12B1F21A400C5251C /* BupContentLabel.swift */; };
		57E597A42B1F21DA00C5251C /* MiddlePointLabel.swift in Sources */ = {isa = PBXBuildFile; fileRef = 57E597A32B1F21DA00C5251C /* MiddlePointLabel.swift */; };
		57E635CC2B19FC9200B9F112 /* TodoInfoInputCell.swift in Sources */ = {isa = PBXBuildFile; fileRef = 57E635CB2B19FC9200B9F112 /* TodoInfoInputCell.swift */; };
		57E635CE2B1A09D200B9F112 /* TodoAddCell.swift in Sources */ = {isa = PBXBuildFile; fileRef = 57E635CD2B1A09D200B9F112 /* TodoAddCell.swift */; };
		57E635D02B1A149F00B9F112 /* TodoInputItemIdentifiable.swift in Sources */ = {isa = PBXBuildFile; fileRef = 57E635CF2B1A149F00B9F112 /* TodoInputItemIdentifiable.swift */; };
		57E635D22B1A14B900B9F112 /* TodoInputSection.swift in Sources */ = {isa = PBXBuildFile; fileRef = 57E635D12B1A14B900B9F112 /* TodoInputSection.swift */; };
		57E635D42B1C977A00B9F112 /* TodoInfoInput.swift in Sources */ = {isa = PBXBuildFile; fileRef = 57E635D32B1C977A00B9F112 /* TodoInfoInput.swift */; };
		57E635D62B1C979B00B9F112 /* TodoInput.swift in Sources */ = {isa = PBXBuildFile; fileRef = 57E635D52B1C979B00B9F112 /* TodoInput.swift */; };
		57E635D82B1CEAB300B9F112 /* TodoOutput.swift in Sources */ = {isa = PBXBuildFile; fileRef = 57E635D72B1CEAB300B9F112 /* TodoOutput.swift */; };
		57E635DC2B1CEDF600B9F112 /* PostCreateResponseDTO.swift in Sources */ = {isa = PBXBuildFile; fileRef = 57E635DB2B1CEDF600B9F112 /* PostCreateResponseDTO.swift */; };
		57E98DDE2B0B660000330C6B /* AppDelegate.swift in Sources */ = {isa = PBXBuildFile; fileRef = 57E98DDD2B0B660000330C6B /* AppDelegate.swift */; };
		57E98DE02B0B660000330C6B /* SceneDelegate.swift in Sources */ = {isa = PBXBuildFile; fileRef = 57E98DDF2B0B660000330C6B /* SceneDelegate.swift */; };
		57E98DE72B0B660300330C6B /* Assets.xcassets in Resources */ = {isa = PBXBuildFile; fileRef = 57E98DE62B0B660300330C6B /* Assets.xcassets */; };
		57E98DEA2B0B660300330C6B /* LaunchScreen.storyboard in Resources */ = {isa = PBXBuildFile; fileRef = 57E98DE82B0B660300330C6B /* LaunchScreen.storyboard */; };
		57E98DF92B0B66B300330C6B /* SnapKit in Frameworks */ = {isa = PBXBuildFile; productRef = 57E98DF82B0B66B300330C6B /* SnapKit */; };
		57E98DFC2B0B66BD00330C6B /* Kingfisher in Frameworks */ = {isa = PBXBuildFile; productRef = 57E98DFB2B0B66BD00330C6B /* Kingfisher */; };
		57E98DFF2B0B66CE00330C6B /* RxCocoa in Frameworks */ = {isa = PBXBuildFile; productRef = 57E98DFE2B0B66CE00330C6B /* RxCocoa */; };
		57E98E012B0B66CE00330C6B /* RxRelay in Frameworks */ = {isa = PBXBuildFile; productRef = 57E98E002B0B66CE00330C6B /* RxRelay */; };
		57E98E032B0B66CE00330C6B /* RxSwift in Frameworks */ = {isa = PBXBuildFile; productRef = 57E98E022B0B66CE00330C6B /* RxSwift */; };
		57E98E062B0B66ED00330C6B /* Alamofire in Frameworks */ = {isa = PBXBuildFile; productRef = 57E98E052B0B66ED00330C6B /* Alamofire */; };
		57E98E082B0B670000330C6B /* .gitignore in Resources */ = {isa = PBXBuildFile; fileRef = 57E98E072B0B670000330C6B /* .gitignore */; };
		57E98E0C2B0B6C2F00330C6B /* Base.swift in Sources */ = {isa = PBXBuildFile; fileRef = 57E98E0B2B0B6C2F00330C6B /* Base.swift */; };
		57E98E0E2B0B6C4800330C6B /* BaseButton.swift in Sources */ = {isa = PBXBuildFile; fileRef = 57E98E0D2B0B6C4800330C6B /* BaseButton.swift */; };
		57E98E102B0B6C5700330C6B /* BaseCell.swift in Sources */ = {isa = PBXBuildFile; fileRef = 57E98E0F2B0B6C5700330C6B /* BaseCell.swift */; };
		57E98E122B0B6C6700330C6B /* BaseImageView.swift in Sources */ = {isa = PBXBuildFile; fileRef = 57E98E112B0B6C6700330C6B /* BaseImageView.swift */; };
		57E98E142B0B6C7300330C6B /* BaseLabel.swift in Sources */ = {isa = PBXBuildFile; fileRef = 57E98E132B0B6C7300330C6B /* BaseLabel.swift */; };
		57E98E162B0B6C8200330C6B /* BaseView.swift in Sources */ = {isa = PBXBuildFile; fileRef = 57E98E152B0B6C8200330C6B /* BaseView.swift */; };
		57E98E182B0B6C9000330C6B /* BaseViewController.swift in Sources */ = {isa = PBXBuildFile; fileRef = 57E98E172B0B6C9000330C6B /* BaseViewController.swift */; };
		57E98E1A2B0B6CDD00330C6B /* ViewIdentifiable.swift in Sources */ = {isa = PBXBuildFile; fileRef = 57E98E192B0B6CDD00330C6B /* ViewIdentifiable.swift */; };
		57E98E202B0B6E8800330C6B /* ViewModelType.swift in Sources */ = {isa = PBXBuildFile; fileRef = 57E98E1F2B0B6E8800330C6B /* ViewModelType.swift */; };
		57E98E222B0B6EFB00330C6B /* LoginViewController.swift in Sources */ = {isa = PBXBuildFile; fileRef = 57E98E212B0B6EFB00330C6B /* LoginViewController.swift */; };
		57E98E242B0B6F1000330C6B /* LoginViewModel.swift in Sources */ = {isa = PBXBuildFile; fileRef = 57E98E232B0B6F1000330C6B /* LoginViewModel.swift */; };
		57E98E282B0B6F8F00330C6B /* LoginMainView.swift in Sources */ = {isa = PBXBuildFile; fileRef = 57E98E272B0B6F8F00330C6B /* LoginMainView.swift */; };
		57F101772B19BD7400BE333F /* RxDataSources in Frameworks */ = {isa = PBXBuildFile; productRef = 57F101762B19BD7400BE333F /* RxDataSources */; };
		57F101792B19DFF900BE333F /* MainTabBarController.swift in Sources */ = {isa = PBXBuildFile; fileRef = 57F101782B19DFF900BE333F /* MainTabBarController.swift */; };
		57F50FB12B1F973000E15811 /* PostReadRequest.swift in Sources */ = {isa = PBXBuildFile; fileRef = 57F50FB02B1F973000E15811 /* PostReadRequest.swift */; };
		57F50FB32B1F979900E15811 /* PostDTO.swift in Sources */ = {isa = PBXBuildFile; fileRef = 57F50FB22B1F979900E15811 /* PostDTO.swift */; };
		57F6DDA92B2150340090C646 /* Creator.swift in Sources */ = {isa = PBXBuildFile; fileRef = 57F6DDA82B2150340090C646 /* Creator.swift */; };
		57F6DDAB2B2178F70090C646 /* JoinDTO.swift in Sources */ = {isa = PBXBuildFile; fileRef = 57F6DDAA2B2178F70090C646 /* JoinDTO.swift */; };
		57F6DDAD2B2179090090C646 /* JoinError.swift in Sources */ = {isa = PBXBuildFile; fileRef = 57F6DDAC2B2179090090C646 /* JoinError.swift */; };
		57F6DDB92B21B8210090C646 /* BupView.swift in Sources */ = {isa = PBXBuildFile; fileRef = 57F6DDB82B21B8210090C646 /* BupView.swift */; };
		57F6DDBB2B21C90D0090C646 /* MainTabBarViewModel.swift in Sources */ = {isa = PBXBuildFile; fileRef = 57F6DDBA2B21C90D0090C646 /* MainTabBarViewModel.swift */; };
		57F956EC2B24DA9700A86F43 /* ProfileResponseDTO.swift in Sources */ = {isa = PBXBuildFile; fileRef = 57F956EB2B24DA9700A86F43 /* ProfileResponseDTO.swift */; };
		57FB01FB2B186547003CAD51 /* BupFooter.swift in Sources */ = {isa = PBXBuildFile; fileRef = 57FB01FA2B186547003CAD51 /* BupFooter.swift */; };
		57FB01FE2B1873AF003CAD51 /* KeychainManager.swift in Sources */ = {isa = PBXBuildFile; fileRef = 57FB01FD2B1873AF003CAD51 /* KeychainManager.swift */; };
		57FB02042B1893CD003CAD51 /* TodoInputViewModel.swift in Sources */ = {isa = PBXBuildFile; fileRef = 57FB02032B1893CD003CAD51 /* TodoInputViewModel.swift */; };
		57FB02062B1893D6003CAD51 /* TodoInputMainView.swift in Sources */ = {isa = PBXBuildFile; fileRef = 57FB02052B1893D6003CAD51 /* TodoInputMainView.swift */; };
		57FB02082B1893E1003CAD51 /* TodoInputViewController.swift in Sources */ = {isa = PBXBuildFile; fileRef = 57FB02072B1893E1003CAD51 /* TodoInputViewController.swift */; };
		57FB020A2B189D98003CAD51 /* BaseTableViewHeaderFooterView.swift in Sources */ = {isa = PBXBuildFile; fileRef = 57FB02092B189D98003CAD51 /* BaseTableViewHeaderFooterView.swift */; };
		57FB02102B189F54003CAD51 /* TodoInputCell.swift in Sources */ = {isa = PBXBuildFile; fileRef = 57FB020F2B189F54003CAD51 /* TodoInputCell.swift */; };
		57FBCB632B15F08600C83C93 /* BupNewsfeedViewController.swift in Sources */ = {isa = PBXBuildFile; fileRef = 57FBCB622B15F08600C83C93 /* BupNewsfeedViewController.swift */; };
		57FBCB672B15F0A900C83C93 /* BupNewsfeedViewModel.swift in Sources */ = {isa = PBXBuildFile; fileRef = 57FBCB662B15F0A900C83C93 /* BupNewsfeedViewModel.swift */; };
		57FD7C872B1F87E2006C284B /* Request.swift in Sources */ = {isa = PBXBuildFile; fileRef = 57FD7C862B1F87E2006C284B /* Request.swift */; };
/* End PBXBuildFile section */

/* Begin PBXFileReference section */
		570E01AF2B1828B300D1E012 /* BupCell.swift */ = {isa = PBXFileReference; lastKnownFileType = sourcecode.swift; path = BupCell.swift; sourceTree = "<group>"; };
		570E01B12B1828C500D1E012 /* BupHeader.swift */ = {isa = PBXFileReference; lastKnownFileType = sourcecode.swift; path = BupHeader.swift; sourceTree = "<group>"; };
		570E01B32B1828FE00D1E012 /* BaseCollectionReusableView.swift */ = {isa = PBXFileReference; lastKnownFileType = sourcecode.swift; path = BaseCollectionReusableView.swift; sourceTree = "<group>"; };
		57625DEF2B18C7000066642F /* TodoInfo.swift */ = {isa = PBXFileReference; lastKnownFileType = sourcecode.swift; path = TodoInfo.swift; sourceTree = "<group>"; };
		57625DF12B18C70E0066642F /* Todo.swift */ = {isa = PBXFileReference; lastKnownFileType = sourcecode.swift; path = Todo.swift; sourceTree = "<group>"; };
		576920FA2B1E51A800B8CE80 /* PostCreateRequest.swift */ = {isa = PBXFileReference; lastKnownFileType = sourcecode.swift; path = PostCreateRequest.swift; sourceTree = "<group>"; };
		576920FC2B1E5C5600B8CE80 /* PostReadResponseDTO.swift */ = {isa = PBXFileReference; lastKnownFileType = sourcecode.swift; path = PostReadResponseDTO.swift; sourceTree = "<group>"; };
		576920FE2B1EA45C00B8CE80 /* BupContent.swift */ = {isa = PBXFileReference; lastKnownFileType = sourcecode.swift; path = BupContent.swift; sourceTree = "<group>"; };
		576921002B1EA4F200B8CE80 /* BupBottom.swift */ = {isa = PBXFileReference; lastKnownFileType = sourcecode.swift; path = BupBottom.swift; sourceTree = "<group>"; };
		576921022B1EA4FE00B8CE80 /* BupTop.swift */ = {isa = PBXFileReference; lastKnownFileType = sourcecode.swift; path = BupTop.swift; sourceTree = "<group>"; };
		576921042B1EA52500B8CE80 /* BupContainer.swift */ = {isa = PBXFileReference; lastKnownFileType = sourcecode.swift; path = BupContainer.swift; sourceTree = "<group>"; };
		579B362F2B0B790B008ACCAE /* Color.swift */ = {isa = PBXFileReference; lastKnownFileType = sourcecode.swift; path = Color.swift; sourceTree = "<group>"; };
		579B36312B0B7C3B008ACCAE /* Router.swift */ = {isa = PBXFileReference; lastKnownFileType = sourcecode.swift; path = Router.swift; sourceTree = "<group>"; };
		57BDFAEF2B15B02E006CAE1F /* PasswordSuccess.swift */ = {isa = PBXFileReference; lastKnownFileType = sourcecode.swift; path = PasswordSuccess.swift; sourceTree = "<group>"; };
		57BDFAF12B15B043006CAE1F /* PasswordError.swift */ = {isa = PBXFileReference; lastKnownFileType = sourcecode.swift; path = PasswordError.swift; sourceTree = "<group>"; };
		57BDFAF32B15B055006CAE1F /* ReconfrimSuccess.swift */ = {isa = PBXFileReference; lastKnownFileType = sourcecode.swift; path = ReconfrimSuccess.swift; sourceTree = "<group>"; };
		57BDFAF52B15B063006CAE1F /* ReconfrimError.swift */ = {isa = PBXFileReference; lastKnownFileType = sourcecode.swift; path = ReconfrimError.swift; sourceTree = "<group>"; };
		57D5FA2A2B1328BD00A76420 /* NicknameError.swift */ = {isa = PBXFileReference; lastKnownFileType = sourcecode.swift; path = NicknameError.swift; sourceTree = "<group>"; };
		57D5FA2C2B1328D300A76420 /* PhoneNumError.swift */ = {isa = PBXFileReference; lastKnownFileType = sourcecode.swift; path = PhoneNumError.swift; sourceTree = "<group>"; };
		57D5FA2E2B1328E400A76420 /* BirthDayError.swift */ = {isa = PBXFileReference; lastKnownFileType = sourcecode.swift; path = BirthDayError.swift; sourceTree = "<group>"; };
		57D5FA302B1337A600A76420 /* BaseTabmanViewController.swift */ = {isa = PBXFileReference; lastKnownFileType = sourcecode.swift; path = BaseTabmanViewController.swift; sourceTree = "<group>"; };
		57D5FA322B133D9600A76420 /* ErrorLabel.swift */ = {isa = PBXFileReference; lastKnownFileType = sourcecode.swift; path = ErrorLabel.swift; sourceTree = "<group>"; };
		57D5FA352B133E5200A76420 /* InfoInputDescriptionLabel.swift */ = {isa = PBXFileReference; lastKnownFileType = sourcecode.swift; path = InfoInputDescriptionLabel.swift; sourceTree = "<group>"; };
		57D5FA372B133EA200A76420 /* InfoInputTextField.swift */ = {isa = PBXFileReference; lastKnownFileType = sourcecode.swift; path = InfoInputTextField.swift; sourceTree = "<group>"; };
		57D5FA392B133EBA00A76420 /* BaseTextField.swift */ = {isa = PBXFileReference; lastKnownFileType = sourcecode.swift; path = BaseTextField.swift; sourceTree = "<group>"; };
		57D5FA3B2B133F2400A76420 /* InfoInputTitleLabel.swift */ = {isa = PBXFileReference; lastKnownFileType = sourcecode.swift; path = InfoInputTitleLabel.swift; sourceTree = "<group>"; };
		57D5FA3D2B1340A000A76420 /* InfoInputButton.swift */ = {isa = PBXFileReference; lastKnownFileType = sourcecode.swift; path = InfoInputButton.swift; sourceTree = "<group>"; };
		57D5FA402B1376C500A76420 /* EmailError.swift */ = {isa = PBXFileReference; lastKnownFileType = sourcecode.swift; path = EmailError.swift; sourceTree = "<group>"; };
		57D5FA422B1376DD00A76420 /* EmailSuccess.swift */ = {isa = PBXFileReference; lastKnownFileType = sourcecode.swift; path = EmailSuccess.swift; sourceTree = "<group>"; };
		57DC504D2B0E208B00B1F293 /* LoginResponse.swift */ = {isa = PBXFileReference; lastKnownFileType = sourcecode.swift; path = LoginResponse.swift; sourceTree = "<group>"; };
		57DC504F2B0E213F00B1F293 /* LoginError.swift */ = {isa = PBXFileReference; lastKnownFileType = sourcecode.swift; path = LoginError.swift; sourceTree = "<group>"; };
		57DC505E2B0E357B00B1F293 /* EmailViewController.swift */ = {isa = PBXFileReference; lastKnownFileType = sourcecode.swift; path = EmailViewController.swift; sourceTree = "<group>"; };
		57DC50602B0E359A00B1F293 /* EmailMainView.swift */ = {isa = PBXFileReference; lastKnownFileType = sourcecode.swift; path = EmailMainView.swift; sourceTree = "<group>"; };
		57DC50642B0E35BC00B1F293 /* EmailViewModel.swift */ = {isa = PBXFileReference; lastKnownFileType = sourcecode.swift; path = EmailViewModel.swift; sourceTree = "<group>"; };
		57DC50872B0EEDF600B1F293 /* EmailValidationResponseDTO.swift */ = {isa = PBXFileReference; lastKnownFileType = sourcecode.swift; path = EmailValidationResponseDTO.swift; sourceTree = "<group>"; };
		57DC509A2B0F393E00B1F293 /* PasswordMainView.swift */ = {isa = PBXFileReference; lastKnownFileType = sourcecode.swift; path = PasswordMainView.swift; sourceTree = "<group>"; };
		57DC509C2B0F3B1200B1F293 /* PasswordViewController.swift */ = {isa = PBXFileReference; lastKnownFileType = sourcecode.swift; path = PasswordViewController.swift; sourceTree = "<group>"; };
		57DC509E2B0F3B2C00B1F293 /* PasswordViewModel.swift */ = {isa = PBXFileReference; lastKnownFileType = sourcecode.swift; path = PasswordViewModel.swift; sourceTree = "<group>"; };
		57DC50A62B0F654600B1F293 /* UserDetailMainView.swift */ = {isa = PBXFileReference; lastKnownFileType = sourcecode.swift; path = UserDetailMainView.swift; sourceTree = "<group>"; };
		57DC50A82B0F655100B1F293 /* UserDetailViewController.swift */ = {isa = PBXFileReference; lastKnownFileType = sourcecode.swift; path = UserDetailViewController.swift; sourceTree = "<group>"; };
		57DC50AA2B0F657900B1F293 /* UserDetailViewModel.swift */ = {isa = PBXFileReference; lastKnownFileType = sourcecode.swift; path = UserDetailViewModel.swift; sourceTree = "<group>"; };
		57DC50AC2B0F665200B1F293 /* InfoInputView.swift */ = {isa = PBXFileReference; lastKnownFileType = sourcecode.swift; path = InfoInputView.swift; sourceTree = "<group>"; };
		57DC50C02B119CF400B1F293 /* JoinTabViewController.swift */ = {isa = PBXFileReference; lastKnownFileType = sourcecode.swift; path = JoinTabViewController.swift; sourceTree = "<group>"; };
		57DC50C52B12292300B1F293 /* JoinViewModel.swift */ = {isa = PBXFileReference; lastKnownFileType = sourcecode.swift; path = JoinViewModel.swift; sourceTree = "<group>"; };
		57E13A162B0CCEFE0048B27C /* NetworkManager.swift */ = {isa = PBXFileReference; lastKnownFileType = sourcecode.swift; path = NetworkManager.swift; sourceTree = "<group>"; };
		57E597992B1F0DCA00C5251C /* ProfileImageView.swift */ = {isa = PBXFileReference; lastKnownFileType = sourcecode.swift; path = ProfileImageView.swift; sourceTree = "<group>"; };
		57E5979D2B1F0F0500C5251C /* NicknameLabel.swift */ = {isa = PBXFileReference; lastKnownFileType = sourcecode.swift; path = NicknameLabel.swift; sourceTree = "<group>"; };
		57E5979F2B1F0F1B00C5251C /* BupTitleLabel.swift */ = {isa = PBXFileReference; lastKnownFileType = sourcecode.swift; path = BupTitleLabel.swift; sourceTree = "<group>"; };
		57E597A12B1F21A400C5251C /* BupContentLabel.swift */ = {isa = PBXFileReference; lastKnownFileType = sourcecode.swift; path = BupContentLabel.swift; sourceTree = "<group>"; };
		57E597A32B1F21DA00C5251C /* MiddlePointLabel.swift */ = {isa = PBXFileReference; lastKnownFileType = sourcecode.swift; path = MiddlePointLabel.swift; sourceTree = "<group>"; };
		57E635CB2B19FC9200B9F112 /* TodoInfoInputCell.swift */ = {isa = PBXFileReference; lastKnownFileType = sourcecode.swift; path = TodoInfoInputCell.swift; sourceTree = "<group>"; };
		57E635CD2B1A09D200B9F112 /* TodoAddCell.swift */ = {isa = PBXFileReference; lastKnownFileType = sourcecode.swift; path = TodoAddCell.swift; sourceTree = "<group>"; };
		57E635CF2B1A149F00B9F112 /* TodoInputItemIdentifiable.swift */ = {isa = PBXFileReference; lastKnownFileType = sourcecode.swift; path = TodoInputItemIdentifiable.swift; sourceTree = "<group>"; };
		57E635D12B1A14B900B9F112 /* TodoInputSection.swift */ = {isa = PBXFileReference; lastKnownFileType = sourcecode.swift; path = TodoInputSection.swift; sourceTree = "<group>"; };
		57E635D32B1C977A00B9F112 /* TodoInfoInput.swift */ = {isa = PBXFileReference; lastKnownFileType = sourcecode.swift; path = TodoInfoInput.swift; sourceTree = "<group>"; };
		57E635D52B1C979B00B9F112 /* TodoInput.swift */ = {isa = PBXFileReference; lastKnownFileType = sourcecode.swift; path = TodoInput.swift; sourceTree = "<group>"; };
		57E635D72B1CEAB300B9F112 /* TodoOutput.swift */ = {isa = PBXFileReference; lastKnownFileType = sourcecode.swift; path = TodoOutput.swift; sourceTree = "<group>"; };
		57E635DB2B1CEDF600B9F112 /* PostCreateResponseDTO.swift */ = {isa = PBXFileReference; lastKnownFileType = sourcecode.swift; path = PostCreateResponseDTO.swift; sourceTree = "<group>"; };
		57E98DDA2B0B660000330C6B /* LSLPTodogram.app */ = {isa = PBXFileReference; explicitFileType = wrapper.application; includeInIndex = 0; path = LSLPTodogram.app; sourceTree = BUILT_PRODUCTS_DIR; };
		57E98DDD2B0B660000330C6B /* AppDelegate.swift */ = {isa = PBXFileReference; lastKnownFileType = sourcecode.swift; path = AppDelegate.swift; sourceTree = "<group>"; };
		57E98DDF2B0B660000330C6B /* SceneDelegate.swift */ = {isa = PBXFileReference; lastKnownFileType = sourcecode.swift; path = SceneDelegate.swift; sourceTree = "<group>"; };
		57E98DE62B0B660300330C6B /* Assets.xcassets */ = {isa = PBXFileReference; lastKnownFileType = folder.assetcatalog; path = Assets.xcassets; sourceTree = "<group>"; };
		57E98DE92B0B660300330C6B /* Base */ = {isa = PBXFileReference; lastKnownFileType = file.storyboard; name = Base; path = Base.lproj/LaunchScreen.storyboard; sourceTree = "<group>"; };
		57E98DEB2B0B660300330C6B /* Info.plist */ = {isa = PBXFileReference; lastKnownFileType = text.plist.xml; path = Info.plist; sourceTree = "<group>"; };
		57E98E072B0B670000330C6B /* .gitignore */ = {isa = PBXFileReference; lastKnownFileType = text; path = .gitignore; sourceTree = "<group>"; };
		57E98E0B2B0B6C2F00330C6B /* Base.swift */ = {isa = PBXFileReference; lastKnownFileType = sourcecode.swift; path = Base.swift; sourceTree = "<group>"; };
		57E98E0D2B0B6C4800330C6B /* BaseButton.swift */ = {isa = PBXFileReference; lastKnownFileType = sourcecode.swift; path = BaseButton.swift; sourceTree = "<group>"; };
		57E98E0F2B0B6C5700330C6B /* BaseCell.swift */ = {isa = PBXFileReference; lastKnownFileType = sourcecode.swift; path = BaseCell.swift; sourceTree = "<group>"; };
		57E98E112B0B6C6700330C6B /* BaseImageView.swift */ = {isa = PBXFileReference; lastKnownFileType = sourcecode.swift; path = BaseImageView.swift; sourceTree = "<group>"; };
		57E98E132B0B6C7300330C6B /* BaseLabel.swift */ = {isa = PBXFileReference; lastKnownFileType = sourcecode.swift; path = BaseLabel.swift; sourceTree = "<group>"; };
		57E98E152B0B6C8200330C6B /* BaseView.swift */ = {isa = PBXFileReference; lastKnownFileType = sourcecode.swift; path = BaseView.swift; sourceTree = "<group>"; };
		57E98E172B0B6C9000330C6B /* BaseViewController.swift */ = {isa = PBXFileReference; lastKnownFileType = sourcecode.swift; path = BaseViewController.swift; sourceTree = "<group>"; };
		57E98E192B0B6CDD00330C6B /* ViewIdentifiable.swift */ = {isa = PBXFileReference; lastKnownFileType = sourcecode.swift; path = ViewIdentifiable.swift; sourceTree = "<group>"; };
		57E98E1F2B0B6E8800330C6B /* ViewModelType.swift */ = {isa = PBXFileReference; lastKnownFileType = sourcecode.swift; path = ViewModelType.swift; sourceTree = "<group>"; };
		57E98E212B0B6EFB00330C6B /* LoginViewController.swift */ = {isa = PBXFileReference; lastKnownFileType = sourcecode.swift; path = LoginViewController.swift; sourceTree = "<group>"; };
		57E98E232B0B6F1000330C6B /* LoginViewModel.swift */ = {isa = PBXFileReference; lastKnownFileType = sourcecode.swift; path = LoginViewModel.swift; sourceTree = "<group>"; };
		57E98E272B0B6F8F00330C6B /* LoginMainView.swift */ = {isa = PBXFileReference; lastKnownFileType = sourcecode.swift; path = LoginMainView.swift; sourceTree = "<group>"; };
		57F101782B19DFF900BE333F /* MainTabBarController.swift */ = {isa = PBXFileReference; lastKnownFileType = sourcecode.swift; path = MainTabBarController.swift; sourceTree = "<group>"; };
		57F50FB02B1F973000E15811 /* PostReadRequest.swift */ = {isa = PBXFileReference; lastKnownFileType = sourcecode.swift; path = PostReadRequest.swift; sourceTree = "<group>"; };
		57F50FB22B1F979900E15811 /* PostDTO.swift */ = {isa = PBXFileReference; lastKnownFileType = sourcecode.swift; path = PostDTO.swift; sourceTree = "<group>"; };
		57F6DDA82B2150340090C646 /* Creator.swift */ = {isa = PBXFileReference; lastKnownFileType = sourcecode.swift; path = Creator.swift; sourceTree = "<group>"; };
		57F6DDAA2B2178F70090C646 /* JoinDTO.swift */ = {isa = PBXFileReference; lastKnownFileType = sourcecode.swift; path = JoinDTO.swift; sourceTree = "<group>"; };
		57F6DDAC2B2179090090C646 /* JoinError.swift */ = {isa = PBXFileReference; lastKnownFileType = sourcecode.swift; path = JoinError.swift; sourceTree = "<group>"; };
		57F6DDB82B21B8210090C646 /* BupView.swift */ = {isa = PBXFileReference; lastKnownFileType = sourcecode.swift; path = BupView.swift; sourceTree = "<group>"; };
		57F6DDBA2B21C90D0090C646 /* MainTabBarViewModel.swift */ = {isa = PBXFileReference; lastKnownFileType = sourcecode.swift; path = MainTabBarViewModel.swift; sourceTree = "<group>"; };
		57F956EB2B24DA9700A86F43 /* ProfileResponseDTO.swift */ = {isa = PBXFileReference; lastKnownFileType = sourcecode.swift; path = ProfileResponseDTO.swift; sourceTree = "<group>"; };
		57FB01FA2B186547003CAD51 /* BupFooter.swift */ = {isa = PBXFileReference; lastKnownFileType = sourcecode.swift; path = BupFooter.swift; sourceTree = "<group>"; };
		57FB01FD2B1873AF003CAD51 /* KeychainManager.swift */ = {isa = PBXFileReference; lastKnownFileType = sourcecode.swift; path = KeychainManager.swift; sourceTree = "<group>"; };
		57FB02032B1893CD003CAD51 /* TodoInputViewModel.swift */ = {isa = PBXFileReference; lastKnownFileType = sourcecode.swift; path = TodoInputViewModel.swift; sourceTree = "<group>"; };
		57FB02052B1893D6003CAD51 /* TodoInputMainView.swift */ = {isa = PBXFileReference; lastKnownFileType = sourcecode.swift; path = TodoInputMainView.swift; sourceTree = "<group>"; };
		57FB02072B1893E1003CAD51 /* TodoInputViewController.swift */ = {isa = PBXFileReference; lastKnownFileType = sourcecode.swift; path = TodoInputViewController.swift; sourceTree = "<group>"; };
		57FB02092B189D98003CAD51 /* BaseTableViewHeaderFooterView.swift */ = {isa = PBXFileReference; lastKnownFileType = sourcecode.swift; path = BaseTableViewHeaderFooterView.swift; sourceTree = "<group>"; };
		57FB020F2B189F54003CAD51 /* TodoInputCell.swift */ = {isa = PBXFileReference; lastKnownFileType = sourcecode.swift; path = TodoInputCell.swift; sourceTree = "<group>"; };
		57FBCB622B15F08600C83C93 /* BupNewsfeedViewController.swift */ = {isa = PBXFileReference; lastKnownFileType = sourcecode.swift; path = BupNewsfeedViewController.swift; sourceTree = "<group>"; };
		57FBCB662B15F0A900C83C93 /* BupNewsfeedViewModel.swift */ = {isa = PBXFileReference; lastKnownFileType = sourcecode.swift; path = BupNewsfeedViewModel.swift; sourceTree = "<group>"; };
		57FD7C862B1F87E2006C284B /* Request.swift */ = {isa = PBXFileReference; lastKnownFileType = sourcecode.swift; path = Request.swift; sourceTree = "<group>"; };
/* End PBXFileReference section */

/* Begin PBXFrameworksBuildPhase section */
		57E98DD72B0B660000330C6B /* Frameworks */ = {
			isa = PBXFrameworksBuildPhase;
			buildActionMask = 2147483647;
			files = (
				57E98DFF2B0B66CE00330C6B /* RxCocoa in Frameworks */,
				57DC50C42B11A26C00B1F293 /* IQKeyboardManagerSwift in Frameworks */,
				57E98DFC2B0B66BD00330C6B /* Kingfisher in Frameworks */,
				57DC50BF2B119CD400B1F293 /* Tabman in Frameworks */,
				57E98E032B0B66CE00330C6B /* RxSwift in Frameworks */,
				57E98E062B0B66ED00330C6B /* Alamofire in Frameworks */,
				57F101772B19BD7400BE333F /* RxDataSources in Frameworks */,
				57E98E012B0B66CE00330C6B /* RxRelay in Frameworks */,
				57E98DF92B0B66B300330C6B /* SnapKit in Frameworks */,
			);
			runOnlyForDeploymentPostprocessing = 0;
		};
/* End PBXFrameworksBuildPhase section */

/* Begin PBXGroup section */
		57BDFAEE2B15B01F006CAE1F /* Model */ = {
			isa = PBXGroup;
			children = (
				57BDFAEF2B15B02E006CAE1F /* PasswordSuccess.swift */,
				57BDFAF12B15B043006CAE1F /* PasswordError.swift */,
				57BDFAF32B15B055006CAE1F /* ReconfrimSuccess.swift */,
				57BDFAF52B15B063006CAE1F /* ReconfrimError.swift */,
			);
			path = Model;
			sourceTree = "<group>";
		};
		57D5FA282B1328A800A76420 /* Model */ = {
			isa = PBXGroup;
			children = (
				57D5FA2A2B1328BD00A76420 /* NicknameError.swift */,
				57D5FA2C2B1328D300A76420 /* PhoneNumError.swift */,
				57D5FA2E2B1328E400A76420 /* BirthDayError.swift */,
			);
			path = Model;
			sourceTree = "<group>";
		};
		57D5FA342B133E3A00A76420 /* InfoInput */ = {
			isa = PBXGroup;
			children = (
				57DC50AC2B0F665200B1F293 /* InfoInputView.swift */,
				57D5FA3B2B133F2400A76420 /* InfoInputTitleLabel.swift */,
				57D5FA352B133E5200A76420 /* InfoInputDescriptionLabel.swift */,
				57D5FA372B133EA200A76420 /* InfoInputTextField.swift */,
				57D5FA3D2B1340A000A76420 /* InfoInputButton.swift */,
			);
			path = InfoInput;
			sourceTree = "<group>";
		};
		57D5FA3F2B13765900A76420 /* Model */ = {
			isa = PBXGroup;
			children = (
				57D5FA422B1376DD00A76420 /* EmailSuccess.swift */,
				57D5FA402B1376C500A76420 /* EmailError.swift */,
			);
			path = Model;
			sourceTree = "<group>";
		};
		57DC50512B0E26FE00B1F293 /* Login */ = {
			isa = PBXGroup;
			children = (
				57FB01FF2B18761A003CAD51 /* Model */,
				57E98E252B0B6F2D00330C6B /* View */,
				57E98E262B0B6F3200330C6B /* ViewModel */,
			);
			path = Login;
			sourceTree = "<group>";
		};
		57DC50522B0E338700B1F293 /* Join */ = {
			isa = PBXGroup;
			children = (
				57DC50BC2B119C7000B1F293 /* Container */,
				57DC505B2B0E34E900B1F293 /* Email */,
				57DC50992B0F392F00B1F293 /* Password */,
				57DC50A32B0F64EB00B1F293 /* UserDetail */,
			);
			path = Join;
			sourceTree = "<group>";
		};
		57DC505B2B0E34E900B1F293 /* Email */ = {
			isa = PBXGroup;
			children = (
				57D5FA3F2B13765900A76420 /* Model */,
				57DC50622B0E35AA00B1F293 /* View */,
				57DC50632B0E35B000B1F293 /* ViewModel */,
			);
			path = Email;
			sourceTree = "<group>";
		};
		57DC50622B0E35AA00B1F293 /* View */ = {
			isa = PBXGroup;
			children = (
				57DC50602B0E359A00B1F293 /* EmailMainView.swift */,
				57DC505E2B0E357B00B1F293 /* EmailViewController.swift */,
			);
			path = View;
			sourceTree = "<group>";
		};
		57DC50632B0E35B000B1F293 /* ViewModel */ = {
			isa = PBXGroup;
			children = (
				57DC50642B0E35BC00B1F293 /* EmailViewModel.swift */,
			);
			path = ViewModel;
			sourceTree = "<group>";
		};
		57DC50992B0F392F00B1F293 /* Password */ = {
			isa = PBXGroup;
			children = (
				57BDFAEE2B15B01F006CAE1F /* Model */,
				57DC50A12B0F3B5800B1F293 /* View */,
				57DC50A02B0F3B5000B1F293 /* ViewModel */,
			);
			path = Password;
			sourceTree = "<group>";
		};
		57DC50A02B0F3B5000B1F293 /* ViewModel */ = {
			isa = PBXGroup;
			children = (
				57DC509E2B0F3B2C00B1F293 /* PasswordViewModel.swift */,
			);
			path = ViewModel;
			sourceTree = "<group>";
		};
		57DC50A12B0F3B5800B1F293 /* View */ = {
			isa = PBXGroup;
			children = (
				57DC509A2B0F393E00B1F293 /* PasswordMainView.swift */,
				57DC509C2B0F3B1200B1F293 /* PasswordViewController.swift */,
			);
			path = View;
			sourceTree = "<group>";
		};
		57DC50A32B0F64EB00B1F293 /* UserDetail */ = {
			isa = PBXGroup;
			children = (
				57D5FA282B1328A800A76420 /* Model */,
				57DC50A42B0F653400B1F293 /* View */,
				57DC50A52B0F653900B1F293 /* ViewModel */,
			);
			path = UserDetail;
			sourceTree = "<group>";
		};
		57DC50A42B0F653400B1F293 /* View */ = {
			isa = PBXGroup;
			children = (
				57DC50A62B0F654600B1F293 /* UserDetailMainView.swift */,
				57DC50A82B0F655100B1F293 /* UserDetailViewController.swift */,
			);
			path = View;
			sourceTree = "<group>";
		};
		57DC50A52B0F653900B1F293 /* ViewModel */ = {
			isa = PBXGroup;
			children = (
				57DC50AA2B0F657900B1F293 /* UserDetailViewModel.swift */,
			);
			path = ViewModel;
			sourceTree = "<group>";
		};
		57DC50BC2B119C7000B1F293 /* Container */ = {
			isa = PBXGroup;
			children = (
				57DC50C82B12294B00B1F293 /* View */,
				57DC50C72B12294200B1F293 /* ViewModel */,
			);
			path = Container;
			sourceTree = "<group>";
		};
		57DC50C72B12294200B1F293 /* ViewModel */ = {
			isa = PBXGroup;
			children = (
				57DC50C52B12292300B1F293 /* JoinViewModel.swift */,
			);
			path = ViewModel;
			sourceTree = "<group>";
		};
		57DC50C82B12294B00B1F293 /* View */ = {
			isa = PBXGroup;
			children = (
				57DC50C02B119CF400B1F293 /* JoinTabViewController.swift */,
			);
			path = View;
			sourceTree = "<group>";
		};
		57E635D92B1CEDD400B9F112 /* Post */ = {
			isa = PBXGroup;
			children = (
				576920FA2B1E51A800B8CE80 /* PostCreateRequest.swift */,
				57E635DB2B1CEDF600B9F112 /* PostCreateResponseDTO.swift */,
				57F50FB02B1F973000E15811 /* PostReadRequest.swift */,
				576920FC2B1E5C5600B8CE80 /* PostReadResponseDTO.swift */,
				57F50FB22B1F979900E15811 /* PostDTO.swift */,
				57F6DDA82B2150340090C646 /* Creator.swift */,
			);
			path = Post;
			sourceTree = "<group>";
		};
		57E635DA2B1CEDE000B9F112 /* Account */ = {
			isa = PBXGroup;
			children = (
				57DC50872B0EEDF600B1F293 /* EmailValidationResponseDTO.swift */,
				57F6DDAA2B2178F70090C646 /* JoinDTO.swift */,
				57F6DDAC2B2179090090C646 /* JoinError.swift */,
			);
			path = Account;
			sourceTree = "<group>";
		};
		57E98DD12B0B660000330C6B = {
			isa = PBXGroup;
			children = (
				57E98DDC2B0B660000330C6B /* LSLPTodogram */,
				57E98DDB2B0B660000330C6B /* Products */,
			);
			sourceTree = "<group>";
		};
		57E98DDB2B0B660000330C6B /* Products */ = {
			isa = PBXGroup;
			children = (
				57E98DDA2B0B660000330C6B /* LSLPTodogram.app */,
			);
			name = Products;
			sourceTree = "<group>";
		};
		57E98DDC2B0B660000330C6B /* LSLPTodogram */ = {
			isa = PBXGroup;
			children = (
				57E98DF12B0B665300330C6B /* Base */,
				57E98DF62B0B667700330C6B /* Constraints */,
				57E98DF52B0B667100330C6B /* Extension+ */,
				57E98DF22B0B665800330C6B /* Network */,
				57E98E0A2B0B6A4D00330C6B /* Repository */,
				57E98DF32B0B666200330C6B /* Scene */,
				57E98E092B0B6A1C00330C6B /* Utility */,
				57E98DF42B0B666B00330C6B /* View+ */,
				57E98DDD2B0B660000330C6B /* AppDelegate.swift */,
				57E98DDF2B0B660000330C6B /* SceneDelegate.swift */,
				57E98DE62B0B660300330C6B /* Assets.xcassets */,
				57E98DE82B0B660300330C6B /* LaunchScreen.storyboard */,
				57E98DEB2B0B660300330C6B /* Info.plist */,
				57E98E072B0B670000330C6B /* .gitignore */,
			);
			path = LSLPTodogram;
			sourceTree = "<group>";
		};
		57E98DF12B0B665300330C6B /* Base */ = {
			isa = PBXGroup;
			children = (
				57E98E0B2B0B6C2F00330C6B /* Base.swift */,
				57E98E0D2B0B6C4800330C6B /* BaseButton.swift */,
				57E98E0F2B0B6C5700330C6B /* BaseCell.swift */,
				57E98E112B0B6C6700330C6B /* BaseImageView.swift */,
				57E98E132B0B6C7300330C6B /* BaseLabel.swift */,
				57E98E152B0B6C8200330C6B /* BaseView.swift */,
				57E98E172B0B6C9000330C6B /* BaseViewController.swift */,
				57D5FA302B1337A600A76420 /* BaseTabmanViewController.swift */,
				57E98E192B0B6CDD00330C6B /* ViewIdentifiable.swift */,
				57E98E1F2B0B6E8800330C6B /* ViewModelType.swift */,
				57D5FA392B133EBA00A76420 /* BaseTextField.swift */,
				570E01B32B1828FE00D1E012 /* BaseCollectionReusableView.swift */,
				57FB02092B189D98003CAD51 /* BaseTableViewHeaderFooterView.swift */,
			);
			path = Base;
			sourceTree = "<group>";
		};
		57E98DF22B0B665800330C6B /* Network */ = {
			isa = PBXGroup;
			children = (
				57E635DA2B1CEDE000B9F112 /* Account */,
				57E635D92B1CEDD400B9F112 /* Post */,
				57F956EA2B24D83400A86F43 /* Profile */,
				579B36312B0B7C3B008ACCAE /* Router.swift */,
				57FD7C862B1F87E2006C284B /* Request.swift */,
				57E13A162B0CCEFE0048B27C /* NetworkManager.swift */,
			);
			path = Network;
			sourceTree = "<group>";
		};
		57E98DF32B0B666200330C6B /* Scene */ = {
			isa = PBXGroup;
			children = (
				57F101782B19DFF900BE333F /* MainTabBarController.swift */,
				57F6DDBA2B21C90D0090C646 /* MainTabBarViewModel.swift */,
				57DC50512B0E26FE00B1F293 /* Login */,
				57DC50522B0E338700B1F293 /* Join */,
				57FBCB5F2B15F05400C83C93 /* BupNewsfeed */,
				57FB02002B188FC1003CAD51 /* TodoInput */,
			);
			path = Scene;
			sourceTree = "<group>";
		};
		57E98DF42B0B666B00330C6B /* View+ */ = {
			isa = PBXGroup;
			children = (
				57F6DDB72B21B7F60090C646 /* Bup */,
				57D5FA342B133E3A00A76420 /* InfoInput */,
				57D5FA322B133D9600A76420 /* ErrorLabel.swift */,
				57E597992B1F0DCA00C5251C /* ProfileImageView.swift */,
				57E5979D2B1F0F0500C5251C /* NicknameLabel.swift */,
				57E5979F2B1F0F1B00C5251C /* BupTitleLabel.swift */,
				57E597A12B1F21A400C5251C /* BupContentLabel.swift */,
				57E597A32B1F21DA00C5251C /* MiddlePointLabel.swift */,
			);
			path = "View+";
			sourceTree = "<group>";
		};
		57E98DF52B0B667100330C6B /* Extension+ */ = {
			isa = PBXGroup;
			children = (
			);
			path = "Extension+";
			sourceTree = "<group>";
		};
		57E98DF62B0B667700330C6B /* Constraints */ = {
			isa = PBXGroup;
			children = (
				579B362F2B0B790B008ACCAE /* Color.swift */,
			);
			path = Constraints;
			sourceTree = "<group>";
		};
		57E98E092B0B6A1C00330C6B /* Utility */ = {
			isa = PBXGroup;
			children = (
			);
			path = Utility;
			sourceTree = "<group>";
		};
		57E98E0A2B0B6A4D00330C6B /* Repository */ = {
			isa = PBXGroup;
			children = (
				57FB01FC2B187388003CAD51 /* Keychain */,
			);
			path = Repository;
			sourceTree = "<group>";
		};
		57E98E252B0B6F2D00330C6B /* View */ = {
			isa = PBXGroup;
			children = (
				57E98E272B0B6F8F00330C6B /* LoginMainView.swift */,
				57E98E212B0B6EFB00330C6B /* LoginViewController.swift */,
			);
			path = View;
			sourceTree = "<group>";
		};
		57E98E262B0B6F3200330C6B /* ViewModel */ = {
			isa = PBXGroup;
			children = (
				57E98E232B0B6F1000330C6B /* LoginViewModel.swift */,
			);
			path = ViewModel;
			sourceTree = "<group>";
		};
		57F6DDB72B21B7F60090C646 /* Bup */ = {
			isa = PBXGroup;
			children = (
				57F956E12B24925100A86F43 /* Model */,
				57F956E22B24925D00A86F43 /* View */,
			);
			path = Bup;
			sourceTree = "<group>";
		};
		57F956E12B24925100A86F43 /* Model */ = {
			isa = PBXGroup;
			children = (
				576921042B1EA52500B8CE80 /* BupContainer.swift */,
				576921022B1EA4FE00B8CE80 /* BupTop.swift */,
				576920FE2B1EA45C00B8CE80 /* BupContent.swift */,
				576921002B1EA4F200B8CE80 /* BupBottom.swift */,
			);
			path = Model;
			sourceTree = "<group>";
		};
		57F956E22B24925D00A86F43 /* View */ = {
			isa = PBXGroup;
			children = (
				57F6DDB82B21B8210090C646 /* BupView.swift */,
				570E01B12B1828C500D1E012 /* BupHeader.swift */,
				57FB01FA2B186547003CAD51 /* BupFooter.swift */,
				570E01AF2B1828B300D1E012 /* BupCell.swift */,
			);
			path = View;
			sourceTree = "<group>";
		};
		57F956EA2B24D83400A86F43 /* Profile */ = {
			isa = PBXGroup;
			children = (
				57F956EB2B24DA9700A86F43 /* ProfileResponseDTO.swift */,
			);
			path = Profile;
			sourceTree = "<group>";
		};
		57FB01FC2B187388003CAD51 /* Keychain */ = {
			isa = PBXGroup;
			children = (
				57FB01FD2B1873AF003CAD51 /* KeychainManager.swift */,
			);
			path = Keychain;
			sourceTree = "<group>";
		};
		57FB01FF2B18761A003CAD51 /* Model */ = {
			isa = PBXGroup;
			children = (
				57DC504D2B0E208B00B1F293 /* LoginResponse.swift */,
				57DC504F2B0E213F00B1F293 /* LoginError.swift */,
			);
			path = Model;
			sourceTree = "<group>";
		};
		57FB02002B188FC1003CAD51 /* TodoInput */ = {
			isa = PBXGroup;
			children = (
				57FB02112B18A3A1003CAD51 /* Model */,
				57FB02012B1893B9003CAD51 /* View */,
				57FB02022B1893BE003CAD51 /* ViewModel */,
			);
			path = TodoInput;
			sourceTree = "<group>";
		};
		57FB02012B1893B9003CAD51 /* View */ = {
			isa = PBXGroup;
			children = (
				57FB02052B1893D6003CAD51 /* TodoInputMainView.swift */,
				57FB02072B1893E1003CAD51 /* TodoInputViewController.swift */,
				57E635CB2B19FC9200B9F112 /* TodoInfoInputCell.swift */,
				57FB020F2B189F54003CAD51 /* TodoInputCell.swift */,
				57E635CD2B1A09D200B9F112 /* TodoAddCell.swift */,
			);
			path = View;
			sourceTree = "<group>";
		};
		57FB02022B1893BE003CAD51 /* ViewModel */ = {
			isa = PBXGroup;
			children = (
				57FB02032B1893CD003CAD51 /* TodoInputViewModel.swift */,
			);
			path = ViewModel;
			sourceTree = "<group>";
		};
		57FB02112B18A3A1003CAD51 /* Model */ = {
			isa = PBXGroup;
			children = (
				57E635D12B1A14B900B9F112 /* TodoInputSection.swift */,
				57E635CF2B1A149F00B9F112 /* TodoInputItemIdentifiable.swift */,
				57E635D32B1C977A00B9F112 /* TodoInfoInput.swift */,
				57E635D52B1C979B00B9F112 /* TodoInput.swift */,
				57E635D72B1CEAB300B9F112 /* TodoOutput.swift */,
			);
			path = Model;
			sourceTree = "<group>";
		};
		57FB02152B18C659003CAD51 /* Model */ = {
			isa = PBXGroup;
			children = (
				57625DEF2B18C7000066642F /* TodoInfo.swift */,
				57625DF12B18C70E0066642F /* Todo.swift */,
			);
			path = Model;
			sourceTree = "<group>";
		};
		57FBCB5F2B15F05400C83C93 /* BupNewsfeed */ = {
			isa = PBXGroup;
			children = (
				57FB02152B18C659003CAD51 /* Model */,
				57FBCB602B15F06900C83C93 /* View */,
				57FBCB612B15F07300C83C93 /* ViewModel */,
			);
			path = BupNewsfeed;
			sourceTree = "<group>";
		};
		57FBCB602B15F06900C83C93 /* View */ = {
			isa = PBXGroup;
			children = (
				57FBCB622B15F08600C83C93 /* BupNewsfeedViewController.swift */,
			);
			path = View;
			sourceTree = "<group>";
		};
		57FBCB612B15F07300C83C93 /* ViewModel */ = {
			isa = PBXGroup;
			children = (
				57FBCB662B15F0A900C83C93 /* BupNewsfeedViewModel.swift */,
			);
			path = ViewModel;
			sourceTree = "<group>";
		};
/* End PBXGroup section */

/* Begin PBXNativeTarget section */
		57E98DD92B0B660000330C6B /* LSLPTodogram */ = {
			isa = PBXNativeTarget;
			buildConfigurationList = 57E98DEE2B0B660300330C6B /* Build configuration list for PBXNativeTarget "LSLPTodogram" */;
			buildPhases = (
				57E98DD62B0B660000330C6B /* Sources */,
				57E98DD72B0B660000330C6B /* Frameworks */,
				57E98DD82B0B660000330C6B /* Resources */,
			);
			buildRules = (
			);
			dependencies = (
			);
			name = LSLPTodogram;
			packageProductDependencies = (
				57E98DF82B0B66B300330C6B /* SnapKit */,
				57E98DFB2B0B66BD00330C6B /* Kingfisher */,
				57E98DFE2B0B66CE00330C6B /* RxCocoa */,
				57E98E002B0B66CE00330C6B /* RxRelay */,
				57E98E022B0B66CE00330C6B /* RxSwift */,
				57E98E052B0B66ED00330C6B /* Alamofire */,
				57DC50BE2B119CD400B1F293 /* Tabman */,
				57DC50C32B11A26C00B1F293 /* IQKeyboardManagerSwift */,
				57F101762B19BD7400BE333F /* RxDataSources */,
			);
			productName = LSLPTodogram;
			productReference = 57E98DDA2B0B660000330C6B /* LSLPTodogram.app */;
			productType = "com.apple.product-type.application";
		};
/* End PBXNativeTarget section */

/* Begin PBXProject section */
		57E98DD22B0B660000330C6B /* Project object */ = {
			isa = PBXProject;
			attributes = {
				BuildIndependentTargetsInParallel = 1;
				LastSwiftUpdateCheck = 1420;
				LastUpgradeCheck = 1420;
				TargetAttributes = {
					57E98DD92B0B660000330C6B = {
						CreatedOnToolsVersion = 14.2;
					};
				};
			};
			buildConfigurationList = 57E98DD52B0B660000330C6B /* Build configuration list for PBXProject "LSLPTodogram" */;
			compatibilityVersion = "Xcode 14.0";
			developmentRegion = en;
			hasScannedForEncodings = 0;
			knownRegions = (
				en,
				Base,
			);
			mainGroup = 57E98DD12B0B660000330C6B;
			packageReferences = (
				57E98DF72B0B66B300330C6B /* XCRemoteSwiftPackageReference "SnapKit" */,
				57E98DFA2B0B66BD00330C6B /* XCRemoteSwiftPackageReference "Kingfisher" */,
				57E98DFD2B0B66CE00330C6B /* XCRemoteSwiftPackageReference "RxSwift" */,
				57E98E042B0B66ED00330C6B /* XCRemoteSwiftPackageReference "Alamofire" */,
				57DC50BD2B119CD400B1F293 /* XCRemoteSwiftPackageReference "Tabman" */,
				57DC50C22B11A26C00B1F293 /* XCRemoteSwiftPackageReference "IQKeyboardManager" */,
				57F101752B19BD7400BE333F /* XCRemoteSwiftPackageReference "RxDataSources" */,
			);
			productRefGroup = 57E98DDB2B0B660000330C6B /* Products */;
			projectDirPath = "";
			projectRoot = "";
			targets = (
				57E98DD92B0B660000330C6B /* LSLPTodogram */,
			);
		};
/* End PBXProject section */

/* Begin PBXResourcesBuildPhase section */
		57E98DD82B0B660000330C6B /* Resources */ = {
			isa = PBXResourcesBuildPhase;
			buildActionMask = 2147483647;
			files = (
				57E98DEA2B0B660300330C6B /* LaunchScreen.storyboard in Resources */,
				57E98E082B0B670000330C6B /* .gitignore in Resources */,
				57E98DE72B0B660300330C6B /* Assets.xcassets in Resources */,
			);
			runOnlyForDeploymentPostprocessing = 0;
		};
/* End PBXResourcesBuildPhase section */

/* Begin PBXSourcesBuildPhase section */
		57E98DD62B0B660000330C6B /* Sources */ = {
			isa = PBXSourcesBuildPhase;
			buildActionMask = 2147483647;
			files = (
				57E635CE2B1A09D200B9F112 /* TodoAddCell.swift in Sources */,
				57F101792B19DFF900BE333F /* MainTabBarController.swift in Sources */,
				57FB020A2B189D98003CAD51 /* BaseTableViewHeaderFooterView.swift in Sources */,
				57DC50612B0E359A00B1F293 /* EmailMainView.swift in Sources */,
				57F956EC2B24DA9700A86F43 /* ProfileResponseDTO.swift in Sources */,
				57DC509F2B0F3B2C00B1F293 /* PasswordViewModel.swift in Sources */,
				57D5FA312B1337A600A76420 /* BaseTabmanViewController.swift in Sources */,
				57F6DDB92B21B8210090C646 /* BupView.swift in Sources */,
				57E98E222B0B6EFB00330C6B /* LoginViewController.swift in Sources */,
				57FD7C872B1F87E2006C284B /* Request.swift in Sources */,
				57FB01FE2B1873AF003CAD51 /* KeychainManager.swift in Sources */,
				57E98E202B0B6E8800330C6B /* ViewModelType.swift in Sources */,
				57E597A42B1F21DA00C5251C /* MiddlePointLabel.swift in Sources */,
				576921012B1EA4F200B8CE80 /* BupBottom.swift in Sources */,
				570E01B22B1828C500D1E012 /* BupHeader.swift in Sources */,
				57DC50502B0E213F00B1F293 /* LoginError.swift in Sources */,
				576920FD2B1E5C5600B8CE80 /* PostReadResponseDTO.swift in Sources */,
				57D5FA432B1376DD00A76420 /* EmailSuccess.swift in Sources */,
				57DC50AD2B0F665200B1F293 /* InfoInputView.swift in Sources */,
				57FB02102B189F54003CAD51 /* TodoInputCell.swift in Sources */,
				57E98E0C2B0B6C2F00330C6B /* Base.swift in Sources */,
				57625DF02B18C7000066642F /* TodoInfo.swift in Sources */,
				57D5FA412B1376C500A76420 /* EmailError.swift in Sources */,
				57E635D22B1A14B900B9F112 /* TodoInputSection.swift in Sources */,
				57FB02082B1893E1003CAD51 /* TodoInputViewController.swift in Sources */,
				57FB02042B1893CD003CAD51 /* TodoInputViewModel.swift in Sources */,
				57E98E142B0B6C7300330C6B /* BaseLabel.swift in Sources */,
				57E635CC2B19FC9200B9F112 /* TodoInfoInputCell.swift in Sources */,
				57BDFAF22B15B043006CAE1F /* PasswordError.swift in Sources */,
				57E98E122B0B6C6700330C6B /* BaseImageView.swift in Sources */,
				57E635D02B1A149F00B9F112 /* TodoInputItemIdentifiable.swift in Sources */,
				576921032B1EA4FE00B8CE80 /* BupTop.swift in Sources */,
				57E98DDE2B0B660000330C6B /* AppDelegate.swift in Sources */,
				576920FB2B1E51A800B8CE80 /* PostCreateRequest.swift in Sources */,
				57F6DDA92B2150340090C646 /* Creator.swift in Sources */,
				57F50FB32B1F979900E15811 /* PostDTO.swift in Sources */,
				576921052B1EA52500B8CE80 /* BupContainer.swift in Sources */,
				57D5FA3E2B1340A000A76420 /* InfoInputButton.swift in Sources */,
				57E5979A2B1F0DCA00C5251C /* ProfileImageView.swift in Sources */,
				57BDFAF42B15B055006CAE1F /* ReconfrimSuccess.swift in Sources */,
				57E98E0E2B0B6C4800330C6B /* BaseButton.swift in Sources */,
				579B36302B0B790B008ACCAE /* Color.swift in Sources */,
				579B36322B0B7C3B008ACCAE /* Router.swift in Sources */,
				57DC50C12B119CF400B1F293 /* JoinTabViewController.swift in Sources */,
				57E98E282B0B6F8F00330C6B /* LoginMainView.swift in Sources */,
				57E13A172B0CCEFE0048B27C /* NetworkManager.swift in Sources */,
				57F6DDBB2B21C90D0090C646 /* MainTabBarViewModel.swift in Sources */,
				57D5FA362B133E5200A76420 /* InfoInputDescriptionLabel.swift in Sources */,
				57D5FA382B133EA200A76420 /* InfoInputTextField.swift in Sources */,
				57E98E182B0B6C9000330C6B /* BaseViewController.swift in Sources */,
				57E635D62B1C979B00B9F112 /* TodoInput.swift in Sources */,
				57FBCB632B15F08600C83C93 /* BupNewsfeedViewController.swift in Sources */,
				576920FF2B1EA45C00B8CE80 /* BupContent.swift in Sources */,
				57DC50652B0E35BC00B1F293 /* EmailViewModel.swift in Sources */,
				57FBCB672B15F0A900C83C93 /* BupNewsfeedViewModel.swift in Sources */,
				57DC509D2B0F3B1200B1F293 /* PasswordViewController.swift in Sources */,
				57D5FA332B133D9700A76420 /* ErrorLabel.swift in Sources */,
				57D5FA2F2B1328E400A76420 /* BirthDayError.swift in Sources */,
				57D5FA3C2B133F2400A76420 /* InfoInputTitleLabel.swift in Sources */,
				57E635DC2B1CEDF600B9F112 /* PostCreateResponseDTO.swift in Sources */,
				57DC509B2B0F393F00B1F293 /* PasswordMainView.swift in Sources */,
				57DC50C62B12292300B1F293 /* JoinViewModel.swift in Sources */,
				57DC504E2B0E208B00B1F293 /* LoginResponse.swift in Sources */,
				57BDFAF62B15B063006CAE1F /* ReconfrimError.swift in Sources */,
				57F50FB12B1F973000E15811 /* PostReadRequest.swift in Sources */,
				57D5FA2B2B1328BD00A76420 /* NicknameError.swift in Sources */,
				57D5FA3A2B133EBA00A76420 /* BaseTextField.swift in Sources */,
				57F6DDAD2B2179090090C646 /* JoinError.swift in Sources */,
				57FB01FB2B186547003CAD51 /* BupFooter.swift in Sources */,
				57FB02062B1893D6003CAD51 /* TodoInputMainView.swift in Sources */,
				57E5979E2B1F0F0500C5251C /* NicknameLabel.swift in Sources */,
				570E01B42B1828FE00D1E012 /* BaseCollectionReusableView.swift in Sources */,
				57E98E242B0B6F1000330C6B /* LoginViewModel.swift in Sources */,
				57E597A02B1F0F1B00C5251C /* BupTitleLabel.swift in Sources */,
				57E635D42B1C977A00B9F112 /* TodoInfoInput.swift in Sources */,
				57D5FA2D2B1328D300A76420 /* PhoneNumError.swift in Sources */,
				57E597A22B1F21A400C5251C /* BupContentLabel.swift in Sources */,
				57F6DDAB2B2178F70090C646 /* JoinDTO.swift in Sources */,
				57BDFAF02B15B02E006CAE1F /* PasswordSuccess.swift in Sources */,
				57DC50882B0EEDF600B1F293 /* EmailValidationResponseDTO.swift in Sources */,
				57625DF22B18C70E0066642F /* Todo.swift in Sources */,
				57E98E102B0B6C5700330C6B /* BaseCell.swift in Sources */,
				57E98DE02B0B660000330C6B /* SceneDelegate.swift in Sources */,
				57E98E1A2B0B6CDD00330C6B /* ViewIdentifiable.swift in Sources */,
				570E01B02B1828B300D1E012 /* BupCell.swift in Sources */,
				57E635D82B1CEAB300B9F112 /* TodoOutput.swift in Sources */,
				57DC50A92B0F655100B1F293 /* UserDetailViewController.swift in Sources */,
				57DC50AB2B0F657900B1F293 /* UserDetailViewModel.swift in Sources */,
				57DC505F2B0E357B00B1F293 /* EmailViewController.swift in Sources */,
				57DC50A72B0F654600B1F293 /* UserDetailMainView.swift in Sources */,
				57E98E162B0B6C8200330C6B /* BaseView.swift in Sources */,
			);
			runOnlyForDeploymentPostprocessing = 0;
		};
/* End PBXSourcesBuildPhase section */

/* Begin PBXVariantGroup section */
		57E98DE82B0B660300330C6B /* LaunchScreen.storyboard */ = {
			isa = PBXVariantGroup;
			children = (
				57E98DE92B0B660300330C6B /* Base */,
			);
			name = LaunchScreen.storyboard;
			sourceTree = "<group>";
		};
/* End PBXVariantGroup section */

/* Begin XCBuildConfiguration section */
		57E98DEC2B0B660300330C6B /* Debug */ = {
			isa = XCBuildConfiguration;
			buildSettings = {
				ALWAYS_SEARCH_USER_PATHS = NO;
				CLANG_ANALYZER_NONNULL = YES;
				CLANG_ANALYZER_NUMBER_OBJECT_CONVERSION = YES_AGGRESSIVE;
				CLANG_CXX_LANGUAGE_STANDARD = "gnu++20";
				CLANG_ENABLE_MODULES = YES;
				CLANG_ENABLE_OBJC_ARC = YES;
				CLANG_ENABLE_OBJC_WEAK = YES;
				CLANG_WARN_BLOCK_CAPTURE_AUTORELEASING = YES;
				CLANG_WARN_BOOL_CONVERSION = YES;
				CLANG_WARN_COMMA = YES;
				CLANG_WARN_CONSTANT_CONVERSION = YES;
				CLANG_WARN_DEPRECATED_OBJC_IMPLEMENTATIONS = YES;
				CLANG_WARN_DIRECT_OBJC_ISA_USAGE = YES_ERROR;
				CLANG_WARN_DOCUMENTATION_COMMENTS = YES;
				CLANG_WARN_EMPTY_BODY = YES;
				CLANG_WARN_ENUM_CONVERSION = YES;
				CLANG_WARN_INFINITE_RECURSION = YES;
				CLANG_WARN_INT_CONVERSION = YES;
				CLANG_WARN_NON_LITERAL_NULL_CONVERSION = YES;
				CLANG_WARN_OBJC_IMPLICIT_RETAIN_SELF = YES;
				CLANG_WARN_OBJC_LITERAL_CONVERSION = YES;
				CLANG_WARN_OBJC_ROOT_CLASS = YES_ERROR;
				CLANG_WARN_QUOTED_INCLUDE_IN_FRAMEWORK_HEADER = YES;
				CLANG_WARN_RANGE_LOOP_ANALYSIS = YES;
				CLANG_WARN_STRICT_PROTOTYPES = YES;
				CLANG_WARN_SUSPICIOUS_MOVE = YES;
				CLANG_WARN_UNGUARDED_AVAILABILITY = YES_AGGRESSIVE;
				CLANG_WARN_UNREACHABLE_CODE = YES;
				CLANG_WARN__DUPLICATE_METHOD_MATCH = YES;
				COPY_PHASE_STRIP = NO;
				DEBUG_INFORMATION_FORMAT = dwarf;
				ENABLE_STRICT_OBJC_MSGSEND = YES;
				ENABLE_TESTABILITY = YES;
				GCC_C_LANGUAGE_STANDARD = gnu11;
				GCC_DYNAMIC_NO_PIC = NO;
				GCC_NO_COMMON_BLOCKS = YES;
				GCC_OPTIMIZATION_LEVEL = 0;
				GCC_PREPROCESSOR_DEFINITIONS = (
					"DEBUG=1",
					"$(inherited)",
				);
				GCC_WARN_64_TO_32_BIT_CONVERSION = YES;
				GCC_WARN_ABOUT_RETURN_TYPE = YES_ERROR;
				GCC_WARN_UNDECLARED_SELECTOR = YES;
				GCC_WARN_UNINITIALIZED_AUTOS = YES_AGGRESSIVE;
				GCC_WARN_UNUSED_FUNCTION = YES;
				GCC_WARN_UNUSED_VARIABLE = YES;
				IPHONEOS_DEPLOYMENT_TARGET = 16.2;
				MTL_ENABLE_DEBUG_INFO = INCLUDE_SOURCE;
				MTL_FAST_MATH = YES;
				ONLY_ACTIVE_ARCH = YES;
				SDKROOT = iphoneos;
				SWIFT_ACTIVE_COMPILATION_CONDITIONS = DEBUG;
				SWIFT_OPTIMIZATION_LEVEL = "-Onone";
			};
			name = Debug;
		};
		57E98DED2B0B660300330C6B /* Release */ = {
			isa = XCBuildConfiguration;
			buildSettings = {
				ALWAYS_SEARCH_USER_PATHS = NO;
				CLANG_ANALYZER_NONNULL = YES;
				CLANG_ANALYZER_NUMBER_OBJECT_CONVERSION = YES_AGGRESSIVE;
				CLANG_CXX_LANGUAGE_STANDARD = "gnu++20";
				CLANG_ENABLE_MODULES = YES;
				CLANG_ENABLE_OBJC_ARC = YES;
				CLANG_ENABLE_OBJC_WEAK = YES;
				CLANG_WARN_BLOCK_CAPTURE_AUTORELEASING = YES;
				CLANG_WARN_BOOL_CONVERSION = YES;
				CLANG_WARN_COMMA = YES;
				CLANG_WARN_CONSTANT_CONVERSION = YES;
				CLANG_WARN_DEPRECATED_OBJC_IMPLEMENTATIONS = YES;
				CLANG_WARN_DIRECT_OBJC_ISA_USAGE = YES_ERROR;
				CLANG_WARN_DOCUMENTATION_COMMENTS = YES;
				CLANG_WARN_EMPTY_BODY = YES;
				CLANG_WARN_ENUM_CONVERSION = YES;
				CLANG_WARN_INFINITE_RECURSION = YES;
				CLANG_WARN_INT_CONVERSION = YES;
				CLANG_WARN_NON_LITERAL_NULL_CONVERSION = YES;
				CLANG_WARN_OBJC_IMPLICIT_RETAIN_SELF = YES;
				CLANG_WARN_OBJC_LITERAL_CONVERSION = YES;
				CLANG_WARN_OBJC_ROOT_CLASS = YES_ERROR;
				CLANG_WARN_QUOTED_INCLUDE_IN_FRAMEWORK_HEADER = YES;
				CLANG_WARN_RANGE_LOOP_ANALYSIS = YES;
				CLANG_WARN_STRICT_PROTOTYPES = YES;
				CLANG_WARN_SUSPICIOUS_MOVE = YES;
				CLANG_WARN_UNGUARDED_AVAILABILITY = YES_AGGRESSIVE;
				CLANG_WARN_UNREACHABLE_CODE = YES;
				CLANG_WARN__DUPLICATE_METHOD_MATCH = YES;
				COPY_PHASE_STRIP = NO;
				DEBUG_INFORMATION_FORMAT = "dwarf-with-dsym";
				ENABLE_NS_ASSERTIONS = NO;
				ENABLE_STRICT_OBJC_MSGSEND = YES;
				GCC_C_LANGUAGE_STANDARD = gnu11;
				GCC_NO_COMMON_BLOCKS = YES;
				GCC_WARN_64_TO_32_BIT_CONVERSION = YES;
				GCC_WARN_ABOUT_RETURN_TYPE = YES_ERROR;
				GCC_WARN_UNDECLARED_SELECTOR = YES;
				GCC_WARN_UNINITIALIZED_AUTOS = YES_AGGRESSIVE;
				GCC_WARN_UNUSED_FUNCTION = YES;
				GCC_WARN_UNUSED_VARIABLE = YES;
				IPHONEOS_DEPLOYMENT_TARGET = 16.2;
				MTL_ENABLE_DEBUG_INFO = NO;
				MTL_FAST_MATH = YES;
				SDKROOT = iphoneos;
				SWIFT_COMPILATION_MODE = wholemodule;
				SWIFT_OPTIMIZATION_LEVEL = "-O";
				VALIDATE_PRODUCT = YES;
			};
			name = Release;
		};
		57E98DEF2B0B660300330C6B /* Debug */ = {
			isa = XCBuildConfiguration;
			buildSettings = {
				ASSETCATALOG_COMPILER_APPICON_NAME = AppIcon;
				ASSETCATALOG_COMPILER_GLOBAL_ACCENT_COLOR_NAME = AccentColor;
				CODE_SIGN_STYLE = Automatic;
				CURRENT_PROJECT_VERSION = 1;
				DEVELOPMENT_TEAM = 86BUJA8T6M;
				GENERATE_INFOPLIST_FILE = YES;
				INFOPLIST_FILE = LSLPTodogram/Info.plist;
				INFOPLIST_KEY_UIApplicationSupportsIndirectInputEvents = YES;
				INFOPLIST_KEY_UILaunchStoryboardName = LaunchScreen;
				INFOPLIST_KEY_UISupportedInterfaceOrientations = UIInterfaceOrientationPortrait;
				INFOPLIST_KEY_UISupportedInterfaceOrientations_iPad = "UIInterfaceOrientationLandscapeLeft UIInterfaceOrientationLandscapeRight UIInterfaceOrientationPortrait UIInterfaceOrientationPortraitUpsideDown";
				IPHONEOS_DEPLOYMENT_TARGET = 15.0;
				LD_RUNPATH_SEARCH_PATHS = (
					"$(inherited)",
					"@executable_path/Frameworks",
				);
				MARKETING_VERSION = 1.0;
				PRODUCT_BUNDLE_IDENTIFIER = com.prodvssw.98.LSLPTodogram;
				PRODUCT_NAME = "$(TARGET_NAME)";
				SUPPORTED_PLATFORMS = "iphoneos iphonesimulator";
				SUPPORTS_MACCATALYST = NO;
				SUPPORTS_MAC_DESIGNED_FOR_IPHONE_IPAD = NO;
				SWIFT_EMIT_LOC_STRINGS = YES;
				SWIFT_VERSION = 5.0;
				TARGETED_DEVICE_FAMILY = 1;
			};
			name = Debug;
		};
		57E98DF02B0B660300330C6B /* Release */ = {
			isa = XCBuildConfiguration;
			buildSettings = {
				ASSETCATALOG_COMPILER_APPICON_NAME = AppIcon;
				ASSETCATALOG_COMPILER_GLOBAL_ACCENT_COLOR_NAME = AccentColor;
				CODE_SIGN_STYLE = Automatic;
				CURRENT_PROJECT_VERSION = 1;
				DEVELOPMENT_TEAM = 86BUJA8T6M;
				GENERATE_INFOPLIST_FILE = YES;
				INFOPLIST_FILE = LSLPTodogram/Info.plist;
				INFOPLIST_KEY_UIApplicationSupportsIndirectInputEvents = YES;
				INFOPLIST_KEY_UILaunchStoryboardName = LaunchScreen;
				INFOPLIST_KEY_UISupportedInterfaceOrientations = UIInterfaceOrientationPortrait;
				INFOPLIST_KEY_UISupportedInterfaceOrientations_iPad = "UIInterfaceOrientationLandscapeLeft UIInterfaceOrientationLandscapeRight UIInterfaceOrientationPortrait UIInterfaceOrientationPortraitUpsideDown";
				IPHONEOS_DEPLOYMENT_TARGET = 15.0;
				LD_RUNPATH_SEARCH_PATHS = (
					"$(inherited)",
					"@executable_path/Frameworks",
				);
				MARKETING_VERSION = 1.0;
				PRODUCT_BUNDLE_IDENTIFIER = com.prodvssw.98.LSLPTodogram;
				PRODUCT_NAME = "$(TARGET_NAME)";
				SUPPORTED_PLATFORMS = "iphoneos iphonesimulator";
				SUPPORTS_MACCATALYST = NO;
				SUPPORTS_MAC_DESIGNED_FOR_IPHONE_IPAD = NO;
				SWIFT_EMIT_LOC_STRINGS = YES;
				SWIFT_VERSION = 5.0;
				TARGETED_DEVICE_FAMILY = 1;
			};
			name = Release;
		};
/* End XCBuildConfiguration section */

/* Begin XCConfigurationList section */
		57E98DD52B0B660000330C6B /* Build configuration list for PBXProject "LSLPTodogram" */ = {
			isa = XCConfigurationList;
			buildConfigurations = (
				57E98DEC2B0B660300330C6B /* Debug */,
				57E98DED2B0B660300330C6B /* Release */,
			);
			defaultConfigurationIsVisible = 0;
			defaultConfigurationName = Release;
		};
		57E98DEE2B0B660300330C6B /* Build configuration list for PBXNativeTarget "LSLPTodogram" */ = {
			isa = XCConfigurationList;
			buildConfigurations = (
				57E98DEF2B0B660300330C6B /* Debug */,
				57E98DF02B0B660300330C6B /* Release */,
			);
			defaultConfigurationIsVisible = 0;
			defaultConfigurationName = Release;
		};
/* End XCConfigurationList section */

/* Begin XCRemoteSwiftPackageReference section */
		57DC50BD2B119CD400B1F293 /* XCRemoteSwiftPackageReference "Tabman" */ = {
			isa = XCRemoteSwiftPackageReference;
			repositoryURL = "https://github.com/uias/Tabman";
			requirement = {
				kind = upToNextMajorVersion;
				minimumVersion = 3.0.0;
			};
		};
		57DC50C22B11A26C00B1F293 /* XCRemoteSwiftPackageReference "IQKeyboardManager" */ = {
			isa = XCRemoteSwiftPackageReference;
			repositoryURL = "https://github.com/hackiftekhar/IQKeyboardManager";
			requirement = {
				kind = upToNextMajorVersion;
				minimumVersion = 6.0.0;
			};
		};
		57E98DF72B0B66B300330C6B /* XCRemoteSwiftPackageReference "SnapKit" */ = {
			isa = XCRemoteSwiftPackageReference;
			repositoryURL = "https://github.com/SnapKit/SnapKit.git";
			requirement = {
				kind = upToNextMajorVersion;
				minimumVersion = 5.0.0;
			};
		};
		57E98DFA2B0B66BD00330C6B /* XCRemoteSwiftPackageReference "Kingfisher" */ = {
			isa = XCRemoteSwiftPackageReference;
			repositoryURL = "https://github.com/onevcat/Kingfisher.git";
			requirement = {
				kind = upToNextMajorVersion;
				minimumVersion = 7.0.0;
			};
		};
		57E98DFD2B0B66CE00330C6B /* XCRemoteSwiftPackageReference "RxSwift" */ = {
			isa = XCRemoteSwiftPackageReference;
			repositoryURL = "https://github.com/ReactiveX/RxSwift.git";
			requirement = {
				kind = upToNextMajorVersion;
				minimumVersion = 6.0.0;
			};
		};
		57E98E042B0B66ED00330C6B /* XCRemoteSwiftPackageReference "Alamofire" */ = {
			isa = XCRemoteSwiftPackageReference;
			repositoryURL = "https://github.com/Alamofire/Alamofire.git";
			requirement = {
				kind = upToNextMajorVersion;
				minimumVersion = 5.0.0;
			};
		};
		57F101752B19BD7400BE333F /* XCRemoteSwiftPackageReference "RxDataSources" */ = {
			isa = XCRemoteSwiftPackageReference;
			repositoryURL = "https://github.com/RxSwiftCommunity/RxDataSources.git";
			requirement = {
				kind = upToNextMajorVersion;
				minimumVersion = 5.0.0;
			};
		};
/* End XCRemoteSwiftPackageReference section */

/* Begin XCSwiftPackageProductDependency section */
		57DC50BE2B119CD400B1F293 /* Tabman */ = {
			isa = XCSwiftPackageProductDependency;
			package = 57DC50BD2B119CD400B1F293 /* XCRemoteSwiftPackageReference "Tabman" */;
			productName = Tabman;
		};
		57DC50C32B11A26C00B1F293 /* IQKeyboardManagerSwift */ = {
			isa = XCSwiftPackageProductDependency;
			package = 57DC50C22B11A26C00B1F293 /* XCRemoteSwiftPackageReference "IQKeyboardManager" */;
			productName = IQKeyboardManagerSwift;
		};
		57E98DF82B0B66B300330C6B /* SnapKit */ = {
			isa = XCSwiftPackageProductDependency;
			package = 57E98DF72B0B66B300330C6B /* XCRemoteSwiftPackageReference "SnapKit" */;
			productName = SnapKit;
		};
		57E98DFB2B0B66BD00330C6B /* Kingfisher */ = {
			isa = XCSwiftPackageProductDependency;
			package = 57E98DFA2B0B66BD00330C6B /* XCRemoteSwiftPackageReference "Kingfisher" */;
			productName = Kingfisher;
		};
		57E98DFE2B0B66CE00330C6B /* RxCocoa */ = {
			isa = XCSwiftPackageProductDependency;
			package = 57E98DFD2B0B66CE00330C6B /* XCRemoteSwiftPackageReference "RxSwift" */;
			productName = RxCocoa;
		};
		57E98E002B0B66CE00330C6B /* RxRelay */ = {
			isa = XCSwiftPackageProductDependency;
			package = 57E98DFD2B0B66CE00330C6B /* XCRemoteSwiftPackageReference "RxSwift" */;
			productName = RxRelay;
		};
		57E98E022B0B66CE00330C6B /* RxSwift */ = {
			isa = XCSwiftPackageProductDependency;
			package = 57E98DFD2B0B66CE00330C6B /* XCRemoteSwiftPackageReference "RxSwift" */;
			productName = RxSwift;
		};
		57E98E052B0B66ED00330C6B /* Alamofire */ = {
			isa = XCSwiftPackageProductDependency;
			package = 57E98E042B0B66ED00330C6B /* XCRemoteSwiftPackageReference "Alamofire" */;
			productName = Alamofire;
		};
		57F101762B19BD7400BE333F /* RxDataSources */ = {
			isa = XCSwiftPackageProductDependency;
			package = 57F101752B19BD7400BE333F /* XCRemoteSwiftPackageReference "RxDataSources" */;
			productName = RxDataSources;
		};
/* End XCSwiftPackageProductDependency section */
	};
	rootObject = 57E98DD22B0B660000330C6B /* Project object */;
}
